
Microsoft Visual Studio Solution File, Format Version 12.00
# Visual Studio 2012
Project("{FAE04EC0-301F-11D3-BF4B-00C04F79EFBC}") = "EdificeCore", "EdificeCore\EdificeCore.csproj", "{0B260AEB-2444-411D-BB7B-E73E2620C43B}"
EndProject
Project("{FAE04EC0-301F-11D3-BF4B-00C04F79EFBC}") = "EdificeDb", "EdificeDb\EdificeDb.csproj", "{C0212D4D-0DCC-4DFC-BAD0-0D159138CC01}"
EndProject
Project("{FAE04EC0-301F-11D3-BF4B-00C04F79EFBC}") = "EdificeDynamo", "EdificeDynamo\EdificeDynamo.csproj", "{1DA8E924-3278-42C3-B33B-40419D0399B6}"
EndProject
Project("{FAE04EC0-301F-11D3-BF4B-00C04F79EFBC}") = "EdificeMongoDb", "EdificeMongoDb\EdificeMongoDb.csproj", "{639A4B19-0732-40FA-823A-7CAF0B48E22E}"
EndProject
Project("{FAE04EC0-301F-11D3-BF4B-00C04F79EFBC}") = "EdificeMongoDbTests", "EdificeMongoDbTests\EdificeMongoDbTests.csproj", "{ACF02674-C335-48B7-A940-991AD1337CC1}"
EndProject
Project("{FAE04EC0-301F-11D3-BF4B-00C04F79EFBC}") = "EdificeCoreTests", "EdificeCoreTests\EdificeCoreTests.csproj", "{989A34EA-2C2D-4684-AEBF-7D09A87C9036}"
EndProject
Global
	GlobalSection(SolutionConfigurationPlatforms) = preSolution
		Debug|Any CPU = Debug|Any CPU
		Release|Any CPU = Release|Any CPU
	EndGlobalSection
	GlobalSection(ProjectConfigurationPlatforms) = postSolution
		{0B260AEB-2444-411D-BB7B-E73E2620C43B}.Debug|Any CPU.ActiveCfg = Debug|Any CPU
		{0B260AEB-2444-411D-BB7B-E73E2620C43B}.Debug|Any CPU.Build.0 = Debug|Any CPU
		{0B260AEB-2444-411D-BB7B-E73E2620C43B}.Release|Any CPU.ActiveCfg = Release|Any CPU
		{0B260AEB-2444-411D-BB7B-E73E2620C43B}.Release|Any CPU.Build.0 = Release|Any CPU
		{C0212D4D-0DCC-4DFC-BAD0-0D159138CC01}.Debug|Any CPU.ActiveCfg = Debug|Any CPU
		{C0212D4D-0DCC-4DFC-BAD0-0D159138CC01}.Debug|Any CPU.Build.0 = Debug|Any CPU
		{C0212D4D-0DCC-4DFC-BAD0-0D159138CC01}.Release|Any CPU.ActiveCfg = Release|Any CPU
		{C0212D4D-0DCC-4DFC-BAD0-0D159138CC01}.Release|Any CPU.Build.0 = Release|Any CPU
		{1DA8E924-3278-42C3-B33B-40419D0399B6}.Debug|Any CPU.ActiveCfg = Debug|Any CPU
		{1DA8E924-3278-42C3-B33B-40419D0399B6}.Debug|Any CPU.Build.0 = Debug|Any CPU
		{1DA8E924-3278-42C3-B33B-40419D0399B6}.Release|Any CPU.ActiveCfg = Release|Any CPU
		{1DA8E924-3278-42C3-B33B-40419D0399B6}.Release|Any CPU.Build.0 = Release|Any CPU
		{639A4B19-0732-40FA-823A-7CAF0B48E22E}.Debug|Any CPU.ActiveCfg = Debug|Any CPU
		{639A4B19-0732-40FA-823A-7CAF0B48E22E}.Debug|Any CPU.Build.0 = Debug|Any CPU
		{639A4B19-0732-40FA-823A-7CAF0B48E22E}.Release|Any CPU.ActiveCfg = Release|Any CPU
		{639A4B19-0732-40FA-823A-7CAF0B48E22E}.Release|Any CPU.Build.0 = Release|Any CPU
		{ACF02674-C335-48B7-A940-991AD1337CC1}.Debug|Any CPU.ActiveCfg = Debug|Any CPU
		{ACF02674-C335-48B7-A940-991AD1337CC1}.Debug|Any CPU.Build.0 = Debug|Any CPU
		{ACF02674-C335-48B7-A940-991AD1337CC1}.Release|Any CPU.ActiveCfg = Release|Any CPU
		{ACF02674-C335-48B7-A940-991AD1337CC1}.Release|Any CPU.Build.0 = Release|Any CPU
		{989A34EA-2C2D-4684-AEBF-7D09A87C9036}.Debug|Any CPU.ActiveCfg = Debug|Any CPU
		{989A34EA-2C2D-4684-AEBF-7D09A87C9036}.Debug|Any CPU.Build.0 = Debug|Any CPU
		{989A34EA-2C2D-4684-AEBF-7D09A87C9036}.Release|Any CPU.ActiveCfg = Release|Any CPU
		{989A34EA-2C2D-4684-AEBF-7D09A87C9036}.Release|Any CPU.Build.0 = Release|Any CPU
	EndGlobalSection
	GlobalSection(SolutionProperties) = preSolution
		HideSolutionNode = FALSE
	EndGlobalSection
EndGlobal
